
Microsoft Visual Studio Solution File, Format Version 12.00
# Visual Studio Version 17
VisualStudioVersion = 17.0.31903.59
MinimumVisualStudioVersion = 10.0.40219.1
Project("{FAE04EC0-301F-11D3-BF4B-00C04F79EFBC}") = "SemanticKernel", "SemanticKernel\SemanticKernel.csproj", "{AD0B08E4-1525-465A-8F81-74C69661C515}"
EndProject
Project("{FAE04EC0-301F-11D3-BF4B-00C04F79EFBC}") = "AspireApp.AppHost", "AspireApp\AspireApp.AppHost\AspireApp.AppHost.csproj", "{D0D3E635-BBFC-4374-827D-757ADBEA0537}"
EndProject
Project("{FAE04EC0-301F-11D3-BF4B-00C04F79EFBC}") = "AspireApp.ServiceDefaults", "AspireApp\AspireApp.ServiceDefaults\AspireApp.ServiceDefaults.csproj", "{E0B82629-4D8C-4A80-A3C4-C981072CC84B}"
EndProject
Project("{FAE04EC0-301F-11D3-BF4B-00C04F79EFBC}") = "AspireApp.ApiService", "AspireApp\AspireApp.ApiService\AspireApp.ApiService.csproj", "{B51BA0C9-6ADA-417B-9B39-2192238F6EFA}"
EndProject
Project("{FAE04EC0-301F-11D3-BF4B-00C04F79EFBC}") = "AspireApp.Web", "AspireApp\AspireApp.Web\AspireApp.Web.csproj", "{B4B165E3-46FE-49D9-B986-928EE014C166}"
EndProject
Project("{2150E333-8FDC-42A3-9474-1A3956D46DE8}") = "Aspire", "Aspire", "{45BAB2EF-A980-4CA0-A44B-F0B550B34983}"
EndProject
Project("{FAE04EC0-301F-11D3-BF4B-00C04F79EFBC}") = "WebApi", "WebApi\WebApi.csproj", "{6F4E10FD-810D-4415-A604-F71E7A0866DA}"
EndProject
Global
	GlobalSection(SolutionConfigurationPlatforms) = preSolution
		Debug|Any CPU = Debug|Any CPU
		Release|Any CPU = Release|Any CPU
	EndGlobalSection
	GlobalSection(SolutionProperties) = preSolution
		HideSolutionNode = FALSE
	EndGlobalSection
	GlobalSection(ProjectConfigurationPlatforms) = postSolution
		{AD0B08E4-1525-465A-8F81-74C69661C515}.Debug|Any CPU.ActiveCfg = Debug|Any CPU
		{AD0B08E4-1525-465A-8F81-74C69661C515}.Debug|Any CPU.Build.0 = Debug|Any CPU
		{AD0B08E4-1525-465A-8F81-74C69661C515}.Release|Any CPU.ActiveCfg = Release|Any CPU
		{AD0B08E4-1525-465A-8F81-74C69661C515}.Release|Any CPU.Build.0 = Release|Any CPU
		{D0D3E635-BBFC-4374-827D-757ADBEA0537}.Debug|Any CPU.ActiveCfg = Debug|Any CPU
		{D0D3E635-BBFC-4374-827D-757ADBEA0537}.Debug|Any CPU.Build.0 = Debug|Any CPU
		{D0D3E635-BBFC-4374-827D-757ADBEA0537}.Release|Any CPU.ActiveCfg = Release|Any CPU
		{D0D3E635-BBFC-4374-827D-757ADBEA0537}.Release|Any CPU.Build.0 = Release|Any CPU
		{E0B82629-4D8C-4A80-A3C4-C981072CC84B}.Debug|Any CPU.ActiveCfg = Debug|Any CPU
		{E0B82629-4D8C-4A80-A3C4-C981072CC84B}.Debug|Any CPU.Build.0 = Debug|Any CPU
		{E0B82629-4D8C-4A80-A3C4-C981072CC84B}.Release|Any CPU.ActiveCfg = Release|Any CPU
		{E0B82629-4D8C-4A80-A3C4-C981072CC84B}.Release|Any CPU.Build.0 = Release|Any CPU
		{B51BA0C9-6ADA-417B-9B39-2192238F6EFA}.Debug|Any CPU.ActiveCfg = Debug|Any CPU
		{B51BA0C9-6ADA-417B-9B39-2192238F6EFA}.Debug|Any CPU.Build.0 = Debug|Any CPU
		{B51BA0C9-6ADA-417B-9B39-2192238F6EFA}.Release|Any CPU.ActiveCfg = Release|Any CPU
		{B51BA0C9-6ADA-417B-9B39-2192238F6EFA}.Release|Any CPU.Build.0 = Release|Any CPU
		{B4B165E3-46FE-49D9-B986-928EE014C166}.Debug|Any CPU.ActiveCfg = Debug|Any CPU
		{B4B165E3-46FE-49D9-B986-928EE014C166}.Debug|Any CPU.Build.0 = Debug|Any CPU
		{B4B165E3-46FE-49D9-B986-928EE014C166}.Release|Any CPU.ActiveCfg = Release|Any CPU
		{B4B165E3-46FE-49D9-B986-928EE014C166}.Release|Any CPU.Build.0 = Release|Any CPU
		{6F4E10FD-810D-4415-A604-F71E7A0866DA}.Debug|Any CPU.ActiveCfg = Debug|Any CPU
		{6F4E10FD-810D-4415-A604-F71E7A0866DA}.Debug|Any CPU.Build.0 = Debug|Any CPU
		{6F4E10FD-810D-4415-A604-F71E7A0866DA}.Release|Any CPU.ActiveCfg = Release|Any CPU
		{6F4E10FD-810D-4415-A604-F71E7A0866DA}.Release|Any CPU.Build.0 = Release|Any CPU
	EndGlobalSection
	GlobalSection(NestedProjects) = preSolution
		{B51BA0C9-6ADA-417B-9B39-2192238F6EFA} = {45BAB2EF-A980-4CA0-A44B-F0B550B34983}
		{D0D3E635-BBFC-4374-827D-757ADBEA0537} = {45BAB2EF-A980-4CA0-A44B-F0B550B34983}
		{E0B82629-4D8C-4A80-A3C4-C981072CC84B} = {45BAB2EF-A980-4CA0-A44B-F0B550B34983}
		{B4B165E3-46FE-49D9-B986-928EE014C166} = {45BAB2EF-A980-4CA0-A44B-F0B550B34983}
	EndGlobalSection
EndGlobal
