
Microsoft Visual Studio Solution File, Format Version 12.00
# Visual Studio Version 17
VisualStudioVersion = 17.0.31903.59
MinimumVisualStudioVersion = 10.0.40219.1
Project("{FAE04EC0-301F-11D3-BF4B-00C04F79EFBC}") = "SemanticKernel", "SemanticKernel\SemanticKernel.csproj", "{AD0B08E4-1525-465A-8F81-74C69661C515}"
EndProject
Global
	GlobalSection(SolutionConfigurationPlatforms) = preSolution
		Debug|Any CPU = Debug|Any CPU
		Release|Any CPU = Release|Any CPU
	EndGlobalSection
	GlobalSection(SolutionProperties) = preSolution
		HideSolutionNode = FALSE
	EndGlobalSection
	GlobalSection(ProjectConfigurationPlatforms) = postSolution
		{AD0B08E4-1525-465A-8F81-74C69661C515}.Debug|Any CPU.ActiveCfg = Debug|Any CPU
		{AD0B08E4-1525-465A-8F81-74C69661C515}.Debug|Any CPU.Build.0 = Debug|Any CPU
		{AD0B08E4-1525-465A-8F81-74C69661C515}.Release|Any CPU.ActiveCfg = Release|Any CPU
		{AD0B08E4-1525-465A-8F81-74C69661C515}.Release|Any CPU.Build.0 = Release|Any CPU
	EndGlobalSection
EndGlobal
